schema: '2.0'
stages:
  train:
    cmd: python ../benchmark.py
    deps:
    - path: ../../src/
      md5: 9ff8a7b25aa5d3904eb86035f6733b15.dir
      size: 846744
      nfiles: 41
    - path: ../benchmark.py
      md5: ef48724581fca8581906e96bd0eed584
      size: 11709
    params:
      params.yaml:
        data:
          synthetic: true
          n_points: 1000.0
          n_dim: 16
          centers: 16
          scaling: false
          random_state: 42
        dimm:
          n_dpu:
          - 64
          - 128
          - 256
        train:
          n_init: 10
          max_iter: 500
          tol: 0.0001
          n_clusters: 16
          random_state: 42
    outs:
    - path: benchmarks.csv
      md5: 82e2475bac1e2e805c316df6fe96b0fb
      size: 2000
    - path: results.csv
      md5: 5f1c4282ef9a0d27ba3ff2961ac32cb3
      size: 170
