schema: '2.0'
stages:
  log:
    cmd: python ../machine_log.py
    outs:
    - path: dpu_diag.txt
      md5: 09c49435f9cdaba4ac368d295b5efbde
      size: 11255
    - path: machine.yaml
      md5: a5baed0c43ef6c5d0147fc64404a7056
      size: 36
  train:
    cmd: python ../benchmark.py
    deps:
    - path: ../../src/
      md5: 1266e022f0211d48b7f3ba2dda693e90.dir
      size: 75355
      nfiles: 14
    - path: ../benchmark.py
      md5: a2e660dd2d504fe1bd8644b14226cfdb
      size: 13729
    params:
      params.yaml:
        data:
          synthetic: true
          n_points: 25600000.0
          n_dim: 16
          centers: 16
          random_state: 42
        dimm:
          n_dpu:
          - 256
          - 512
          - 1024
          - 2048
          - 0
        train:
          n_init: 10
          max_iter: 500
          tol: 0.0001
          n_clusters: 16
          random_state: 42
      machine.yaml:
        hostname: upmemcloud9
        nr_dpus: 2040
    outs:
    - path: benchmarks.csv
      md5: 2fb9b33678dc6534ba496bef2ffd59d2
      size: 2590
    - path: metrics.json
      md5: 6641a11eb141e05ad0d143c6703d84bb
      size: 465
    - path: plots.csv
      md5: 13f1aa1039909a26f7426cc5716c34f9
      size: 211
