schema: '2.0'
stages:
  log:
    cmd: python ../machine_log.py
    outs:
    - path: dpu_diag.txt
      md5: 3ff7fd20bbb031ebcbce6cc3cb35f7e4
      size: 11254
    - path: machine.yaml
      md5: e6b532e4675d0143b3372b8bcda7e7ad
      size: 51
  train:
    cmd: python ../benchmark.py
    deps:
    - path: ../../src/
      md5: 1266e022f0211d48b7f3ba2dda693e90.dir
      size: 75355
      nfiles: 14
    - path: ../benchmark.py
      md5: 3fe8c5569236d20103b43fde4215764c
      size: 14234
    params:
      params.yaml:
        data:
          synthetic: true
          n_points: 25600000.0
          n_dim: 16
          centers: 16
          random_state: 42
        dimm:
          n_dpu:
          - 256
          - 512
          - 1024
          - 2048
          - 0
        train:
          n_init: 10
          max_iter: 500
          tol: 0.0001
          n_clusters: 16
          random_state: 42
      machine.yaml:
        frequency: 350
        hostname: upmemcloud9
        nr_dpus: 2040
    outs:
    - path: benchmarks.csv
      md5: 5ebe44acf19aafc78bfc36844e68e4b6
      size: 2542
    - path: metrics.json
      md5: c351571398a0f608419b81ae970a9c71
      size: 649
    - path: plots.csv
      md5: e3c031ee7de654dee38d627da250cbb3
      size: 208
