schema: '2.0'
stages:
  log:
    cmd: python ../machine_log.py
    outs:
    - path: dpu_diag.txt
      md5: f2a1b6a2b2a1e829f735970844073425
      size: 11255
    - path: machine.yaml
      md5: a5baed0c43ef6c5d0147fc64404a7056
      size: 36
  train:
    cmd: python ../benchmark.py
    deps:
    - path: ../../src/
      md5: 1266e022f0211d48b7f3ba2dda693e90.dir
      size: 75355
      nfiles: 14
    - path: ../benchmark.py
      md5: a2e660dd2d504fe1bd8644b14226cfdb
      size: 13729
    params:
      params.yaml:
        data:
          synthetic: true
          n_points_per_dpu: 100000.0
          n_dim: 16
          centers: 16
          random_state: 42
        dimm:
          n_dpu:
          - 1
          - 2
          - 4
          - 8
          - 16
          - 32
          - 64
        train:
          n_init: 10
          max_iter: 500
          tol: 0.0001
          n_clusters: 16
          random_state: 42
      machine.yaml:
        hostname: upmemcloud9
        nr_dpus: 2040
    outs:
    - path: benchmarks.csv
      md5: 9ed0a48cc861b99a8727c7921a14a7e4
      size: 3708
    - path: metrics.json
      md5: 83ca6fc861252af08ed496b575f1cf44
      size: 993
    - path: plots.csv
      md5: b3f83e5c2a3eb4fdee11397632f61840
      size: 386
