schema: '2.0'
stages:
  log:
    cmd: python ../machine_log.py
    outs:
    - path: dpu_diag.txt
      md5: bd12b5fd763039cac99aef30a00f3e10
      size: 11254
    - path: machine.yaml
      md5: e6b532e4675d0143b3372b8bcda7e7ad
      size: 51
  train:
    cmd: python ../benchmark.py
    deps:
    - path: ../../src/
      md5: 1266e022f0211d48b7f3ba2dda693e90.dir
      size: 75355
      nfiles: 14
    - path: ../benchmark.py
      md5: 3fe8c5569236d20103b43fde4215764c
      size: 14234
    params:
      params.yaml:
        data:
          synthetic: true
          n_points_per_dpu: 100000.0
          n_dim: 16
          centers: 16
          random_state: 42
        dimm:
          n_dpu:
          - 1
          - 2
          - 4
          - 8
          - 16
          - 32
          - 64
        train:
          n_init: 10
          max_iter: 500
          tol: 0.0001
          n_clusters: 16
          random_state: 42
      machine.yaml:
        frequency: 350
        hostname: upmemcloud9
        nr_dpus: 2040
    outs:
    - path: benchmarks.csv
      md5: a3e5a601a67959ef1b68d0d55ebde358
      size: 3706
    - path: metrics.json
      md5: d1839e4eeda95884c88eee30f54aaf23
      size: 1309
    - path: plots.csv
      md5: 94b27466b365c6242b242d56f739ef13
      size: 389
