schema: '2.0'
stages:
  host_name:
    cmd: ../get_hostname.sh
    outs:
    - path: hostname.yaml
      md5: ea421fca94eb11f3c16bf7f986871cc7
      size: 18
  higgs:
    cmd: python ../benchmark.py
    deps:
    - path: ../../src/
      md5: 0eddb62a0e9772f7854c28a8165fb387.dir
      size: 82144
      nfiles: 20
    - path: ../benchmark.py
      md5: c3a5d30aaed2f5842ec5a753d3341777
      size: 13914
    - path: ../higgs/data/higgs.pq
      md5: 88e1d7c72cb43c66729d0c1869ce6d7d.dir
      size: 952426437
      nfiles: 241
    params:
      params.yaml:
        data:
          synthetic: false
          name: ../../higgs/data/higgs
        dimm:
          n_dpu:
          - 2048
          - 2396
        train:
          n_init: 10
          max_iter: 500
          tol: 0.0001
          n_clusters: 2
          random_state: 42
      hostname.yaml:
        name: upmemcloud7
    outs:
    - path: benchmarks.csv
      md5: 4944b0a302e1459a7071c1b6fd583ecc
      size: 1548
    - path: metrics.json
      md5: f49edd42ae288d082dcafe654b45a22e
      size: 142
    - path: results.csv
      md5: 516723c628a910c00a01a601c49ed50e
      size: 128
