schema: '2.0'
stages:
  log:
    cmd: python ../machine_log.py
    outs:
    - path: dpu_diag.txt
      md5: f93df736686a2e779da1b1362fed6de8
      size: 11255
    - path: machine.yaml
      md5: a5baed0c43ef6c5d0147fc64404a7056
      size: 36
  train:
    cmd: python ../benchmark.py
    deps:
    - path: ../../src/
      md5: 1266e022f0211d48b7f3ba2dda693e90.dir
      size: 75355
      nfiles: 14
    - path: ../benchmark.py
      md5: a2e660dd2d504fe1bd8644b14226cfdb
      size: 13729
    params:
      params.yaml:
        data:
          synthetic: true
          n_points_per_dpu: 1000.0
          n_dim: 16
          centers: 16
          random_state:
          - 0
          - 1
          - 2
          - 3
          - 4
          - 5
          - 6
          - 7
          - 8
          - 9
        dimm:
          n_dpu: 1
        train:
          n_init: 10
          max_iter: 500
          tol: 0.0001
          n_clusters: 16
          random_state: like_data
      machine.yaml:
        hostname: upmemcloud9
        nr_dpus: 2040
    outs:
    - path: benchmarks.csv
      md5: 919313396c8a675bbbbdb59fc96def22
      size: 4885
    - path: metrics.json
      md5: db597f433d347f4586577332fa5be1f1
      size: 1409
    - path: plots.csv
      md5: c1e882e1c241a833d7917a1f59bf2b00
      size: 494
