schema: '2.0'
stages:
  log:
    cmd: python ../machine_log.py
    outs:
    - path: dpu_diag.txt
      md5: ce614e257f758d2a49b3878a7b4cf4bc
      size: 5084
    - path: machine.yaml
      md5: c987f498d066a7bdedb8a18892245ffa
      size: 36
  train:
    cmd: python ../benchmark.py
    deps:
    - path: ../../src/
      md5: 1266e022f0211d48b7f3ba2dda693e90.dir
      size: 75355
      nfiles: 14
    - path: ../benchmark.py
      md5: a2e660dd2d504fe1bd8644b14226cfdb
      size: 13729
    params:
      params.yaml:
        data:
          synthetic: true
          n_points: 409600.0
          n_dim:
          - 16
          - 8
          - 4
          - 2
          centers: 16
          random_state: 42
        dimm:
          n_dpu: 512
        train:
          n_init: 10
          max_iter: 500
          tol: 0.0001
          n_clusters: 16
          random_state: 42
      machine.yaml:
        hostname: upmemcloud1
        nr_dpus: 1024
    outs:
    - path: benchmarks.csv
      md5: fc2ec449066fa8f71d54fad179a857e8
      size: 2424
    - path: metrics.json
      md5: 31b9d40eea3b4e46cd82498dd39bf48c
      size: 453
    - path: plots.csv
      md5: 2f32cebcdc54670f2e27e866041a44ad
      size: 204
