schema: '2.0'
stages:
  host_name:
    cmd: ../get_hostname.sh
    outs:
    - path: hostname.yaml
      md5: e6000c99650874f5fd47732fd34c24c1
      size: 18
  dimension:
    cmd: python ../benchmark.py --exp_name dimension
    deps:
    - path: ../../src/
      md5: 17598cc4b61c8dbdfbe083627ad7bc46.dir
      size: 75378
      nfiles: 14
    - path: ../benchmark.py
      md5: 1716392d786c9c38635a8e1daf1c3022
      size: 14139
    params:
      dimension.yaml:
        data:
          synthetic: true
          n_points: 4096000.0
          n_dim:
          - 16
          - 4
          centers: 16
          random_state: 42
        dimm:
          n_dpu: 512
        train:
          n_init: 10
          max_iter: 500
          tol: 0.0001
          n_clusters: 16
          random_state: 42
      hostname.yaml:
        name: upmemcloud1
    outs:
    - path: dimension_benchmarks.csv
      md5: b6ca10684fc2c5d9ef2c4a60255a5827
      size: 1596
    - path: dimension_metrics.json
      md5: c809fbade19eac358be9e9c6c2cf78d1
      size: 140
    - path: dimension_plots.csv
      md5: e7e32ec5529fd01f98e480004c6f75f0
      size: 123
